
Microsoft Visual Studio Solution File, Format Version 12.00
# Visual Studio Version 16
VisualStudioVersion = 16.0.29806.167
MinimumVisualStudioVersion = 10.0.40219.1
Project("{FAE04EC0-301F-11D3-BF4B-00C04F79EFBC}") = "SharpSweeper2", "SharpSweeper2.csproj", "{B38C98D8-0105-4780-9661-A68B2BB3A6A9}"
EndProject
Global
	GlobalSection(SolutionConfigurationPlatforms) = preSolution
		Debug|Any CPU = Debug|Any CPU
		Release|Any CPU = Release|Any CPU
	EndGlobalSection
	GlobalSection(ProjectConfigurationPlatforms) = postSolution
		{B38C98D8-0105-4780-9661-A68B2BB3A6A9}.Debug|Any CPU.ActiveCfg = Debug|Any CPU
		{B38C98D8-0105-4780-9661-A68B2BB3A6A9}.Debug|Any CPU.Build.0 = Debug|Any CPU
		{B38C98D8-0105-4780-9661-A68B2BB3A6A9}.Release|Any CPU.ActiveCfg = Release|Any CPU
		{B38C98D8-0105-4780-9661-A68B2BB3A6A9}.Release|Any CPU.Build.0 = Release|Any CPU
	EndGlobalSection
	GlobalSection(SolutionProperties) = preSolution
		HideSolutionNode = FALSE
	EndGlobalSection
	GlobalSection(ExtensibilityGlobals) = postSolution
		SolutionGuid = {178AD74A-10C4-4C84-A681-901D5A186D5B}
	EndGlobalSection
EndGlobal
